
Microsoft Visual Studio Solution File, Format Version 12.00
# Visual Studio Version 17
VisualStudioVersion = 17.14.36327.8
MinimumVisualStudioVersion = 10.0.40219.1
Project("{2150E333-8FDC-42A3-9474-1A3956D46DE8}") = "docs", "docs", "{02EA681E-C7D8-13C7-8484-4AC65E1B71E8}"
EndProject
Project("{2150E333-8FDC-42A3-9474-1A3956D46DE8}") = "ops", "ops", "{C38CEE7D-D409-45B7-A2BE-2E444018B047}"
	ProjectSection(SolutionItems) = preProject
		azure-pipelines.yml = azure-pipelines.yml
		docker-compose.yml = docker-compose.yml
		docker-api.yml = docker-api.yml
	EndProjectSection
EndProject
Project("{2150E333-8FDC-42A3-9474-1A3956D46DE8}") = "db", "db", "{B0BE6FB3-6B80-4229-A997-2558BE18EE6E}"
EndProject
Project("{2150E333-8FDC-42A3-9474-1A3956D46DE8}") = "api", "api", "{2BD07E9B-3EC2-4FB8-B92F-E3E7E0D8F7AD}"
EndProject
Project("{2150E333-8FDC-42A3-9474-1A3956D46DE8}") = "web", "web", "{14578852-603B-4A03-A0AE-CF2D6A9F5DB1}"
EndProject
Project("{FAE04EC0-301F-11D3-BF4B-00C04F79EFBC}") = "UniEnroll.DbUp", "UniEnroll.DbUp\UniEnroll.DbUp.csproj", "{2D5774D5-CC48-4231-909F-EBEF80C3956D}"
EndProject
Project("{FAE04EC0-301F-11D3-BF4B-00C04F79EFBC}") = "UniEnroll.Api", "UniEnroll.Api\UniEnroll.Api.csproj", "{F6EB6B3B-0DA4-4202-A93C-30615BEFF64C}"
EndProject
Project("{2150E333-8FDC-42A3-9474-1A3956D46DE8}") = "scripts", "scripts", "{33D8018D-C667-43C6-BFA2-6FA401E6B261}"
	ProjectSection(SolutionItems) = preProject
		dev-up.ps1 = dev-up.ps1
		lint-test.ps1 = lint-test.ps1
		seed.ps1 = seed.ps1
	EndProjectSection
EndProject
Project("{FAE04EC0-301F-11D3-BF4B-00C04F79EFBC}") = "UniEnroll.Domain", "UniEnroll.Domain\UniEnroll.Domain.csproj", "{3BD73294-C22B-4036-8320-FBEFF42CE632}"
EndProject
Project("{FAE04EC0-301F-11D3-BF4B-00C04F79EFBC}") = "UniEnroll.Application", "UniEnroll.Application\UniEnroll.Application.csproj", "{E7BFCFA4-7A43-4138-A877-E643F813007D}"
EndProject
Project("{FAE04EC0-301F-11D3-BF4B-00C04F79EFBC}") = "UniEnroll.Infrastructure", "UniEnroll.Infrastructure\UniEnroll.Infrastructure.csproj", "{82A6E1AB-C044-474E-A017-DCD463B87BC1}"
EndProject
Project("{FAE04EC0-301F-11D3-BF4B-00C04F79EFBC}") = "UniEnroll.Messaging", "UniEnroll.Messaging\UniEnroll.Messaging.csproj", "{41CB3C1F-C2D3-4404-A46A-8EB79971CB3A}"
EndProject
Global
	GlobalSection(SolutionConfigurationPlatforms) = preSolution
		Debug|Any CPU = Debug|Any CPU
		Release|Any CPU = Release|Any CPU
	EndGlobalSection
	GlobalSection(ProjectConfigurationPlatforms) = postSolution
		{2D5774D5-CC48-4231-909F-EBEF80C3956D}.Debug|Any CPU.ActiveCfg = Debug|Any CPU
		{2D5774D5-CC48-4231-909F-EBEF80C3956D}.Debug|Any CPU.Build.0 = Debug|Any CPU
		{2D5774D5-CC48-4231-909F-EBEF80C3956D}.Release|Any CPU.ActiveCfg = Release|Any CPU
		{2D5774D5-CC48-4231-909F-EBEF80C3956D}.Release|Any CPU.Build.0 = Release|Any CPU
		{F6EB6B3B-0DA4-4202-A93C-30615BEFF64C}.Debug|Any CPU.ActiveCfg = Debug|Any CPU
		{F6EB6B3B-0DA4-4202-A93C-30615BEFF64C}.Debug|Any CPU.Build.0 = Debug|Any CPU
		{F6EB6B3B-0DA4-4202-A93C-30615BEFF64C}.Release|Any CPU.ActiveCfg = Release|Any CPU
		{F6EB6B3B-0DA4-4202-A93C-30615BEFF64C}.Release|Any CPU.Build.0 = Release|Any CPU
		{3BD73294-C22B-4036-8320-FBEFF42CE632}.Debug|Any CPU.ActiveCfg = Debug|Any CPU
		{3BD73294-C22B-4036-8320-FBEFF42CE632}.Debug|Any CPU.Build.0 = Debug|Any CPU
		{3BD73294-C22B-4036-8320-FBEFF42CE632}.Release|Any CPU.ActiveCfg = Release|Any CPU
		{3BD73294-C22B-4036-8320-FBEFF42CE632}.Release|Any CPU.Build.0 = Release|Any CPU
		{E7BFCFA4-7A43-4138-A877-E643F813007D}.Debug|Any CPU.ActiveCfg = Debug|Any CPU
		{E7BFCFA4-7A43-4138-A877-E643F813007D}.Debug|Any CPU.Build.0 = Debug|Any CPU
		{E7BFCFA4-7A43-4138-A877-E643F813007D}.Release|Any CPU.ActiveCfg = Release|Any CPU
		{E7BFCFA4-7A43-4138-A877-E643F813007D}.Release|Any CPU.Build.0 = Release|Any CPU
		{82A6E1AB-C044-474E-A017-DCD463B87BC1}.Debug|Any CPU.ActiveCfg = Debug|Any CPU
		{82A6E1AB-C044-474E-A017-DCD463B87BC1}.Debug|Any CPU.Build.0 = Debug|Any CPU
		{82A6E1AB-C044-474E-A017-DCD463B87BC1}.Release|Any CPU.ActiveCfg = Release|Any CPU
		{82A6E1AB-C044-474E-A017-DCD463B87BC1}.Release|Any CPU.Build.0 = Release|Any CPU
		{41CB3C1F-C2D3-4404-A46A-8EB79971CB3A}.Debug|Any CPU.ActiveCfg = Debug|Any CPU
		{41CB3C1F-C2D3-4404-A46A-8EB79971CB3A}.Debug|Any CPU.Build.0 = Debug|Any CPU
		{41CB3C1F-C2D3-4404-A46A-8EB79971CB3A}.Release|Any CPU.ActiveCfg = Release|Any CPU
		{41CB3C1F-C2D3-4404-A46A-8EB79971CB3A}.Release|Any CPU.Build.0 = Release|Any CPU
	EndGlobalSection
	GlobalSection(SolutionProperties) = preSolution
		HideSolutionNode = FALSE
	EndGlobalSection
	GlobalSection(NestedProjects) = preSolution
		{2D5774D5-CC48-4231-909F-EBEF80C3956D} = {B0BE6FB3-6B80-4229-A997-2558BE18EE6E}
		{F6EB6B3B-0DA4-4202-A93C-30615BEFF64C} = {2BD07E9B-3EC2-4FB8-B92F-E3E7E0D8F7AD}
		{33D8018D-C667-43C6-BFA2-6FA401E6B261} = {C38CEE7D-D409-45B7-A2BE-2E444018B047}
		{3BD73294-C22B-4036-8320-FBEFF42CE632} = {2BD07E9B-3EC2-4FB8-B92F-E3E7E0D8F7AD}
		{E7BFCFA4-7A43-4138-A877-E643F813007D} = {2BD07E9B-3EC2-4FB8-B92F-E3E7E0D8F7AD}
		{82A6E1AB-C044-474E-A017-DCD463B87BC1} = {2BD07E9B-3EC2-4FB8-B92F-E3E7E0D8F7AD}
		{41CB3C1F-C2D3-4404-A46A-8EB79971CB3A} = {2BD07E9B-3EC2-4FB8-B92F-E3E7E0D8F7AD}
	EndGlobalSection
	GlobalSection(ExtensibilityGlobals) = postSolution
		SolutionGuid = {9B9A77D9-49B7-471F-AEC2-951D16C3405C}
	EndGlobalSection
EndGlobal
